
Microsoft Visual Studio Solution File, Format Version 12.00
# Visual Studio Version 17
VisualStudioVersion = 17.8.34330.188
MinimumVisualStudioVersion = 10.0.40219.1
Project("{FAE04EC0-301F-11D3-BF4B-00C04F79EFBC}") = "D3 11.11 MyJournal", "D3 11.11 MyJiurnal\D3 11.11 MyJournal.csproj", "{02A2FF6E-5483-468E-9BC9-1C0C3ED7EF95}"
EndProject
Global
	GlobalSection(SolutionConfigurationPlatforms) = preSolution
		Debug|Any CPU = Debug|Any CPU
		Release|Any CPU = Release|Any CPU
	EndGlobalSection
	GlobalSection(ProjectConfigurationPlatforms) = postSolution
		{02A2FF6E-5483-468E-9BC9-1C0C3ED7EF95}.Debug|Any CPU.ActiveCfg = Debug|Any CPU
		{02A2FF6E-5483-468E-9BC9-1C0C3ED7EF95}.Debug|Any CPU.Build.0 = Debug|Any CPU
		{02A2FF6E-5483-468E-9BC9-1C0C3ED7EF95}.Release|Any CPU.ActiveCfg = Release|Any CPU
		{02A2FF6E-5483-468E-9BC9-1C0C3ED7EF95}.Release|Any CPU.Build.0 = Release|Any CPU
	EndGlobalSection
	GlobalSection(SolutionProperties) = preSolution
		HideSolutionNode = FALSE
	EndGlobalSection
	GlobalSection(ExtensibilityGlobals) = postSolution
		SolutionGuid = {DB942441-B9AF-482C-86A5-3F310543F442}
	EndGlobalSection
EndGlobal
